{
  "nodes": {
    "nixpkgs": {
      "locked": {
        "lastModified": 1636753944,
        "narHash": "sha256-5OIK9MWXpKPICpSPlLA9VL8mNfyu734lZzg3WGbdK/4=",
        "owner": "NixOS",
        "repo": "nixpkgs",
        "rev": "cf0519854227bac9f429c8b5129a75168cc4de26",
        "type": "github"
      },
      "original": {
        "id": "nixpkgs",
        "type": "indirect"
      }
    },
    "root": {
      "inputs": {
        "nixpkgs": "nixpkgs"
      }
    }
  },
  "root": "root",
  "version": 7
}
